// !$*UTF8*$!
{
	archiveVersion = 1;
	classes = {
	};
	objectVersion = 46;
	objects = {

/* Begin PBXBuildFile section */
		42DF2DB91EE124DF007E0273 /* AppDelegate.swift in Sources */ = {isa = PBXBuildFile; fileRef = 42DF2DB81EE124DF007E0273 /* AppDelegate.swift */; };
		42DF2DBB1EE124DF007E0273 /* ViewController.swift in Sources */ = {isa = PBXBuildFile; fileRef = 42DF2DBA1EE124DF007E0273 /* ViewController.swift */; };
		42DF2DBE1EE124DF007E0273 /* Main.storyboard in Resources */ = {isa = PBXBuildFile; fileRef = 42DF2DBC1EE124DF007E0273 /* Main.storyboard */; };
		42DF2DC01EE124DF007E0273 /* Assets.xcassets in Resources */ = {isa = PBXBuildFile; fileRef = 42DF2DBF1EE124DF007E0273 /* Assets.xcassets */; };
		42DF2DC31EE124DF007E0273 /* LaunchScreen.storyboard in Resources */ = {isa = PBXBuildFile; fileRef = 42DF2DC11EE124DF007E0273 /* LaunchScreen.storyboard */; };
		42DF2DCC1EE1252F007E0273 /* QTTitleView.swift in Sources */ = {isa = PBXBuildFile; fileRef = 42DF2DCB1EE1252F007E0273 /* QTTitleView.swift */; };
		42DF2DCE1EE12544007E0273 /* QTContentView.swift in Sources */ = {isa = PBXBuildFile; fileRef = 42DF2DCD1EE12544007E0273 /* QTContentView.swift */; };
		42DF2DD01EE12551007E0273 /* QTPageView.swift in Sources */ = {isa = PBXBuildFile; fileRef = 42DF2DCF1EE12551007E0273 /* QTPageView.swift */; };
		42DF2DD21EE127F1007E0273 /* QTPageViewStyle.swift in Sources */ = {isa = PBXBuildFile; fileRef = 42DF2DD11EE127F1007E0273 /* QTPageViewStyle.swift */; };
/* End PBXBuildFile section */

/* Begin PBXFileReference section */
		42DF2DB51EE124DF007E0273 /* QTPageView.app */ = {isa = PBXFileReference; explicitFileType = wrapper.application; includeInIndex = 0; path = QTPageView.app; sourceTree = BUILT_PRODUCTS_DIR; };
		42DF2DB81EE124DF007E0273 /* AppDelegate.swift */ = {isa = PBXFileReference; lastKnownFileType = sourcecode.swift; path = AppDelegate.swift; sourceTree = "<group>"; };
		42DF2DBA1EE124DF007E0273 /* ViewController.swift */ = {isa = PBXFileReference; lastKnownFileType = sourcecode.swift; path = ViewController.swift; sourceTree = "<group>"; };
		42DF2DBD1EE124DF007E0273 /* Base */ = {isa = PBXFileReference; lastKnownFileType = file.storyboard; name = Base; path = Base.lproj/Main.storyboard; sourceTree = "<group>"; };
		42DF2DBF1EE124DF007E0273 /* Assets.xcassets */ = {isa = PBXFileReference; lastKnownFileType = folder.assetcatalog; path = Assets.xcassets; sourceTree = "<group>"; };
		42DF2DC21EE124DF007E0273 /* Base */ = {isa = PBXFileReference; lastKnownFileType = file.storyboard; name = Base; path = Base.lproj/LaunchScreen.storyboard; sourceTree = "<group>"; };
		42DF2DC41EE124DF007E0273 /* Info.plist */ = {isa = PBXFileReference; lastKnownFileType = text.plist.xml; path = Info.plist; sourceTree = "<group>"; };
		42DF2DCB1EE1252F007E0273 /* QTTitleView.swift */ = {isa = PBXFileReference; fileEncoding = 4; lastKnownFileType = sourcecode.swift; path = QTTitleView.swift; sourceTree = "<group>"; };
		42DF2DCD1EE12544007E0273 /* QTContentView.swift */ = {isa = PBXFileReference; fileEncoding = 4; lastKnownFileType = sourcecode.swift; path = QTContentView.swift; sourceTree = "<group>"; };
		42DF2DCF1EE12551007E0273 /* QTPageView.swift */ = {isa = PBXFileReference; fileEncoding = 4; lastKnownFileType = sourcecode.swift; path = QTPageView.swift; sourceTree = "<group>"; };
		42DF2DD11EE127F1007E0273 /* QTPageViewStyle.swift */ = {isa = PBXFileReference; fileEncoding = 4; lastKnownFileType = sourcecode.swift; path = QTPageViewStyle.swift; sourceTree = "<group>"; };
/* End PBXFileReference section */

/* Begin PBXFrameworksBuildPhase section */
		42DF2DB21EE124DF007E0273 /* Frameworks */ = {
			isa = PBXFrameworksBuildPhase;
			buildActionMask = 2147483647;
			files = (
			);
			runOnlyForDeploymentPostprocessing = 0;
		};
/* End PBXFrameworksBuildPhase section */

/* Begin PBXGroup section */
		42DF2DAC1EE124DF007E0273 = {
			isa = PBXGroup;
			children = (
				42DF2DB71EE124DF007E0273 /* QTPageView */,
				42DF2DB61EE124DF007E0273 /* Products */,
			);
			sourceTree = "<group>";
		};
		42DF2DB61EE124DF007E0273 /* Products */ = {
			isa = PBXGroup;
			children = (
				42DF2DB51EE124DF007E0273 /* QTPageView.app */,
			);
			name = Products;
			sourceTree = "<group>";
		};
		42DF2DB71EE124DF007E0273 /* QTPageView */ = {
			isa = PBXGroup;
			children = (
				42DF2DCA1EE12517007E0273 /* QTPageView */,
				42DF2DB81EE124DF007E0273 /* AppDelegate.swift */,
				42DF2DBA1EE124DF007E0273 /* ViewController.swift */,
				42DF2DBC1EE124DF007E0273 /* Main.storyboard */,
				42DF2DBF1EE124DF007E0273 /* Assets.xcassets */,
				42DF2DC11EE124DF007E0273 /* LaunchScreen.storyboard */,
				42DF2DC41EE124DF007E0273 /* Info.plist */,
			);
			path = QTPageView;
			sourceTree = "<group>";
		};
		42DF2DCA1EE12517007E0273 /* QTPageView */ = {
			isa = PBXGroup;
			children = (
				42DF2DCB1EE1252F007E0273 /* QTTitleView.swift */,
				42DF2DCD1EE12544007E0273 /* QTContentView.swift */,
				42DF2DCF1EE12551007E0273 /* QTPageView.swift */,
				42DF2DD11EE127F1007E0273 /* QTPageViewStyle.swift */,
			);
			path = QTPageView;
			sourceTree = "<group>";
		};
/* End PBXGroup section */

/* Begin PBXNativeTarget section */
		42DF2DB41EE124DF007E0273 /* QTPageView */ = {
			isa = PBXNativeTarget;
			buildConfigurationList = 42DF2DC71EE124DF007E0273 /* Build configuration list for PBXNativeTarget "QTPageView" */;
			buildPhases = (
				42DF2DB11EE124DF007E0273 /* Sources */,
				42DF2DB21EE124DF007E0273 /* Frameworks */,
				42DF2DB31EE124DF007E0273 /* Resources */,
			);
			buildRules = (
			);
			dependencies = (
			);
			name = QTPageView;
			productName = QTPageView;
			productReference = 42DF2DB51EE124DF007E0273 /* QTPageView.app */;
			productType = "com.apple.product-type.application";
		};
/* End PBXNativeTarget section */

/* Begin PBXProject section */
		42DF2DAD1EE124DF007E0273 /* Project object */ = {
			isa = PBXProject;
			attributes = {
				LastSwiftUpdateCheck = 0830;
				LastUpgradeCheck = 0830;
				ORGANIZATIONNAME = yyxk;
				TargetAttributes = {
					42DF2DB41EE124DF007E0273 = {
						CreatedOnToolsVersion = 8.3.2;
						DevelopmentTeam = 54MZX43K8M;
						ProvisioningStyle = Automatic;
					};
				};
			};
			buildConfigurationList = 42DF2DB01EE124DF007E0273 /* Build configuration list for PBXProject "QTPageView" */;
			compatibilityVersion = "Xcode 3.2";
			developmentRegion = English;
			hasScannedForEncodings = 0;
			knownRegions = (
				en,
				Base,
			);
			mainGroup = 42DF2DAC1EE124DF007E0273;
			productRefGroup = 42DF2DB61EE124DF007E0273 /* Products */;
			projectDirPath = "";
			projectRoot = "";
			targets = (
				42DF2DB41EE124DF007E0273 /* QTPageView */,
			);
		};
/* End PBXProject section */

/* Begin PBXResourcesBuildPhase section */
		42DF2DB31EE124DF007E0273 /* Resources */ = {
			isa = PBXResourcesBuildPhase;
			buildActionMask = 2147483647;
			files = (
				42DF2DC31EE124DF007E0273 /* LaunchScreen.storyboard in Resources */,
				42DF2DC01EE124DF007E0273 /* Assets.xcassets in Resources */,
				42DF2DBE1EE124DF007E0273 /* Main.storyboard in Resources */,
			);
			runOnlyForDeploymentPostprocessing = 0;
		};
/* End PBXResourcesBuildPhase section */

/* Begin PBXSourcesBuildPhase section */
		42DF2DB11EE124DF007E0273 /* Sources */ = {
			isa = PBXSourcesBuildPhase;
			buildActionMask = 2147483647;
			files = (
				42DF2DD21EE127F1007E0273 /* QTPageViewStyle.swift in Sources */,
				42DF2DBB1EE124DF007E0273 /* ViewController.swift in Sources */,
				42DF2DCE1EE12544007E0273 /* QTContentView.swift in Sources */,
				42DF2DD01EE12551007E0273 /* QTPageView.swift in Sources */,
				42DF2DB91EE124DF007E0273 /* AppDelegate.swift in Sources */,
				42DF2DCC1EE1252F007E0273 /* QTTitleView.swift in Sources */,
			);
			runOnlyForDeploymentPostprocessing = 0;
		};
/* End PBXSourcesBuildPhase section */

/* Begin PBXVariantGroup section */
		42DF2DBC1EE124DF007E0273 /* Main.storyboard */ = {
			isa = PBXVariantGroup;
			children = (
				42DF2DBD1EE124DF007E0273 /* Base */,
			);
			name = Main.storyboard;
			sourceTree = "<group>";
		};
		42DF2DC11EE124DF007E0273 /* LaunchScreen.storyboard */ = {
			isa = PBXVariantGroup;
			children = (
				42DF2DC21EE124DF007E0273 /* Base */,
			);
			name = LaunchScreen.storyboard;
			sourceTree = "<group>";
		};
/* End PBXVariantGroup section */

/* Begin XCBuildConfiguration section */
		42DF2DC51EE124DF007E0273 /* Debug */ = {
			isa = XCBuildConfiguration;
			buildSettings = {
				ALWAYS_SEARCH_USER_PATHS = NO;
				CLANG_ANALYZER_NONNULL = YES;
				CLANG_ANALYZER_NUMBER_OBJECT_CONVERSION = YES_AGGRESSIVE;
				CLANG_CXX_LANGUAGE_STANDARD = "gnu++0x";
				CLANG_CXX_LIBRARY = "libc++";
				CLANG_ENABLE_MODULES = YES;
				CLANG_ENABLE_OBJC_ARC = YES;
				CLANG_WARN_BOOL_CONVERSION = YES;
				CLANG_WARN_CONSTANT_CONVERSION = YES;
				CLANG_WARN_DIRECT_OBJC_ISA_USAGE = YES_ERROR;
				CLANG_WARN_DOCUMENTATION_COMMENTS = YES;
				CLANG_WARN_EMPTY_BODY = YES;
				CLANG_WARN_ENUM_CONVERSION = YES;
				CLANG_WARN_INFINITE_RECURSION = YES;
				CLANG_WARN_INT_CONVERSION = YES;
				CLANG_WARN_OBJC_ROOT_CLASS = YES_ERROR;
				CLANG_WARN_SUSPICIOUS_MOVE = YES;
				CLANG_WARN_UNREACHABLE_CODE = YES;
				CLANG_WARN__DUPLICATE_METHOD_MATCH = YES;
				"CODE_SIGN_IDENTITY[sdk=iphoneos*]" = "iPhone Developer";
				COPY_PHASE_STRIP = NO;
				DEBUG_INFORMATION_FORMAT = dwarf;
				ENABLE_STRICT_OBJC_MSGSEND = YES;
				ENABLE_TESTABILITY = YES;
				GCC_C_LANGUAGE_STANDARD = gnu99;
				GCC_DYNAMIC_NO_PIC = NO;
				GCC_NO_COMMON_BLOCKS = YES;
				GCC_OPTIMIZATION_LEVEL = 0;
				GCC_PREPROCESSOR_DEFINITIONS = (
					"DEBUG=1",
					"$(inherited)",
				);
				GCC_WARN_64_TO_32_BIT_CONVERSION = YES;
				GCC_WARN_ABOUT_RETURN_TYPE = YES_ERROR;
				GCC_WARN_UNDECLARED_SELECTOR = YES;
				GCC_WARN_UNINITIALIZED_AUTOS = YES_AGGRESSIVE;
				GCC_WARN_UNUSED_FUNCTION = YES;
				GCC_WARN_UNUSED_VARIABLE = YES;
				IPHONEOS_DEPLOYMENT_TARGET = 10.3;
				MTL_ENABLE_DEBUG_INFO = YES;
				ONLY_ACTIVE_ARCH = YES;
				SDKROOT = iphoneos;
				SWIFT_ACTIVE_COMPILATION_CONDITIONS = DEBUG;
				SWIFT_OPTIMIZATION_LEVEL = "-Onone";
			};
			name = Debug;
		};
		42DF2DC61EE124DF007E0273 /* Release */ = {
			isa = XCBuildConfiguration;
			buildSettings = {
				ALWAYS_SEARCH_USER_PATHS = NO;
				CLANG_ANALYZER_NONNULL = YES;
				CLANG_ANALYZER_NUMBER_OBJECT_CONVERSION = YES_AGGRESSIVE;
				CLANG_CXX_LANGUAGE_STANDARD = "gnu++0x";
				CLANG_CXX_LIBRARY = "libc++";
				CLANG_ENABLE_MODULES = YES;
				CLANG_ENABLE_OBJC_ARC = YES;
				CLANG_WARN_BOOL_CONVERSION = YES;
				CLANG_WARN_CONSTANT_CONVERSION = YES;
				CLANG_WARN_DIRECT_OBJC_ISA_USAGE = YES_ERROR;
				CLANG_WARN_DOCUMENTATION_COMMENTS = YES;
				CLANG_WARN_EMPTY_BODY = YES;
				CLANG_WARN_ENUM_CONVERSION = YES;
				CLANG_WARN_INFINITE_RECURSION = YES;
				CLANG_WARN_INT_CONVERSION = YES;
				CLANG_WARN_OBJC_ROOT_CLASS = YES_ERROR;
				CLANG_WARN_SUSPICIOUS_MOVE = YES;
				CLANG_WARN_UNREACHABLE_CODE = YES;
				CLANG_WARN__DUPLICATE_METHOD_MATCH = YES;
				"CODE_SIGN_IDENTITY[sdk=iphoneos*]" = "iPhone Developer";
				COPY_PHASE_STRIP = NO;
				DEBUG_INFORMATION_FORMAT = "dwarf-with-dsym";
				ENABLE_NS_ASSERTIONS = NO;
				ENABLE_STRICT_OBJC_MSGSEND = YES;
				GCC_C_LANGUAGE_STANDARD = gnu99;
				GCC_NO_COMMON_BLOCKS = YES;
				GCC_WARN_64_TO_32_BIT_CONVERSION = YES;
				GCC_WARN_ABOUT_RETURN_TYPE = YES_ERROR;
				GCC_WARN_UNDECLARED_SELECTOR = YES;
				GCC_WARN_UNINITIALIZED_AUTOS = YES_AGGRESSIVE;
				GCC_WARN_UNUSED_FUNCTION = YES;
				GCC_WARN_UNUSED_VARIABLE = YES;
				IPHONEOS_DEPLOYMENT_TARGET = 10.3;
				MTL_ENABLE_DEBUG_INFO = NO;
				SDKROOT = iphoneos;
				SWIFT_OPTIMIZATION_LEVEL = "-Owholemodule";
				VALIDATE_PRODUCT = YES;
			};
			name = Release;
		};
		42DF2DC81EE124DF007E0273 /* Debug */ = {
			isa = XCBuildConfiguration;
			buildSettings = {
				ASSETCATALOG_COMPILER_APPICON_NAME = AppIcon;
				DEVELOPMENT_TEAM = 54MZX43K8M;
				INFOPLIST_FILE = QTPageView/Info.plist;
				LD_RUNPATH_SEARCH_PATHS = "$(inherited) @executable_path/Frameworks";
				PRODUCT_BUNDLE_IDENTIFIER = com.yyxk.cn.QTPageView;
				PRODUCT_NAME = "$(TARGET_NAME)";
				SWIFT_VERSION = 3.0;
			};
			name = Debug;
		};
		42DF2DC91EE124DF007E0273 /* Release */ = {
			isa = XCBuildConfiguration;
			buildSettings = {
				ASSETCATALOG_COMPILER_APPICON_NAME = AppIcon;
				DEVELOPMENT_TEAM = 54MZX43K8M;
				INFOPLIST_FILE = QTPageView/Info.plist;
				LD_RUNPATH_SEARCH_PATHS = "$(inherited) @executable_path/Frameworks";
				PRODUCT_BUNDLE_IDENTIFIER = com.yyxk.cn.QTPageView;
				PRODUCT_NAME = "$(TARGET_NAME)";
				SWIFT_VERSION = 3.0;
			};
			name = Release;
		};
/* End XCBuildConfiguration section */

/* Begin XCConfigurationList section */
		42DF2DB01EE124DF007E0273 /* Build configuration list for PBXProject "QTPageView" */ = {
			isa = XCConfigurationList;
			buildConfigurations = (
				42DF2DC51EE124DF007E0273 /* Debug */,
				42DF2DC61EE124DF007E0273 /* Release */,
			);
			defaultConfigurationIsVisible = 0;
			defaultConfigurationName = Release;
		};
		42DF2DC71EE124DF007E0273 /* Build configuration list for PBXNativeTarget "QTPageView" */ = {
			isa = XCConfigurationList;
			buildConfigurations = (
				42DF2DC81EE124DF007E0273 /* Debug */,
				42DF2DC91EE124DF007E0273 /* Release */,
			);
			defaultConfigurationIsVisible = 0;
		};
/* End XCConfigurationList section */
	};
	rootObject = 42DF2DAD1EE124DF007E0273 /* Project object */;
}
